
Microsoft Visual Studio Solution File, Format Version 12.00
# Visual Studio 15
VisualStudioVersion = 15.0.28307.102
MinimumVisualStudioVersion = 10.0.40219.1
Project("{8BC9CEB8-8B4A-11D0-8D11-00A0C91BC942}") = "3", "3.vcxproj", "{CC331083-A846-4184-A4BA-D82A8C626035}"
EndProject
Global
	GlobalSection(SolutionConfigurationPlatforms) = preSolution
		Debug|x64 = Debug|x64
		Debug|x86 = Debug|x86
		Release|x64 = Release|x64
		Release|x86 = Release|x86
	EndGlobalSection
	GlobalSection(ProjectConfigurationPlatforms) = postSolution
		{CC331083-A846-4184-A4BA-D82A8C626035}.Debug|x64.ActiveCfg = Debug|x64
		{CC331083-A846-4184-A4BA-D82A8C626035}.Debug|x64.Build.0 = Debug|x64
		{CC331083-A846-4184-A4BA-D82A8C626035}.Debug|x86.ActiveCfg = Debug|Win32
		{CC331083-A846-4184-A4BA-D82A8C626035}.Debug|x86.Build.0 = Debug|Win32
		{CC331083-A846-4184-A4BA-D82A8C626035}.Release|x64.ActiveCfg = Release|x64
		{CC331083-A846-4184-A4BA-D82A8C626035}.Release|x64.Build.0 = Release|x64
		{CC331083-A846-4184-A4BA-D82A8C626035}.Release|x86.ActiveCfg = Release|Win32
		{CC331083-A846-4184-A4BA-D82A8C626035}.Release|x86.Build.0 = Release|Win32
	EndGlobalSection
	GlobalSection(SolutionProperties) = preSolution
		HideSolutionNode = FALSE
	EndGlobalSection
	GlobalSection(ExtensibilityGlobals) = postSolution
		SolutionGuid = {1F22D0F9-6B9C-4E8C-BB93-65210713A2CE}
	EndGlobalSection
EndGlobal
