
Microsoft Visual Studio Solution File, Format Version 12.00
# Visual Studio 15
VisualStudioVersion = 15.0.28307.102
MinimumVisualStudioVersion = 10.0.40219.1
Project("{8BC9CEB8-8B4A-11D0-8D11-00A0C91BC942}") = "7-5", "7-5.vcxproj", "{C8C82CA8-5333-4A61-BEFC-D86C5E194847}"
EndProject
Global
	GlobalSection(SolutionConfigurationPlatforms) = preSolution
		Debug|x64 = Debug|x64
		Debug|x86 = Debug|x86
		Release|x64 = Release|x64
		Release|x86 = Release|x86
	EndGlobalSection
	GlobalSection(ProjectConfigurationPlatforms) = postSolution
		{C8C82CA8-5333-4A61-BEFC-D86C5E194847}.Debug|x64.ActiveCfg = Debug|x64
		{C8C82CA8-5333-4A61-BEFC-D86C5E194847}.Debug|x64.Build.0 = Debug|x64
		{C8C82CA8-5333-4A61-BEFC-D86C5E194847}.Debug|x86.ActiveCfg = Debug|Win32
		{C8C82CA8-5333-4A61-BEFC-D86C5E194847}.Debug|x86.Build.0 = Debug|Win32
		{C8C82CA8-5333-4A61-BEFC-D86C5E194847}.Release|x64.ActiveCfg = Release|x64
		{C8C82CA8-5333-4A61-BEFC-D86C5E194847}.Release|x64.Build.0 = Release|x64
		{C8C82CA8-5333-4A61-BEFC-D86C5E194847}.Release|x86.ActiveCfg = Release|Win32
		{C8C82CA8-5333-4A61-BEFC-D86C5E194847}.Release|x86.Build.0 = Release|Win32
	EndGlobalSection
	GlobalSection(SolutionProperties) = preSolution
		HideSolutionNode = FALSE
	EndGlobalSection
	GlobalSection(ExtensibilityGlobals) = postSolution
		SolutionGuid = {F2C37362-17EB-4996-A2BB-0426266AE661}
	EndGlobalSection
EndGlobal
