
Microsoft Visual Studio Solution File, Format Version 12.00
# Visual Studio 15
VisualStudioVersion = 15.0.28307.102
MinimumVisualStudioVersion = 10.0.40219.1
Project("{8BC9CEB8-8B4A-11D0-8D11-00A0C91BC942}") = "2", "2.vcxproj", "{4CAF24DD-F4DA-4C5E-B260-B898A372CC71}"
EndProject
Global
	GlobalSection(SolutionConfigurationPlatforms) = preSolution
		Debug|x64 = Debug|x64
		Debug|x86 = Debug|x86
		Release|x64 = Release|x64
		Release|x86 = Release|x86
	EndGlobalSection
	GlobalSection(ProjectConfigurationPlatforms) = postSolution
		{4CAF24DD-F4DA-4C5E-B260-B898A372CC71}.Debug|x64.ActiveCfg = Debug|x64
		{4CAF24DD-F4DA-4C5E-B260-B898A372CC71}.Debug|x64.Build.0 = Debug|x64
		{4CAF24DD-F4DA-4C5E-B260-B898A372CC71}.Debug|x86.ActiveCfg = Debug|Win32
		{4CAF24DD-F4DA-4C5E-B260-B898A372CC71}.Debug|x86.Build.0 = Debug|Win32
		{4CAF24DD-F4DA-4C5E-B260-B898A372CC71}.Release|x64.ActiveCfg = Release|x64
		{4CAF24DD-F4DA-4C5E-B260-B898A372CC71}.Release|x64.Build.0 = Release|x64
		{4CAF24DD-F4DA-4C5E-B260-B898A372CC71}.Release|x86.ActiveCfg = Release|Win32
		{4CAF24DD-F4DA-4C5E-B260-B898A372CC71}.Release|x86.Build.0 = Release|Win32
	EndGlobalSection
	GlobalSection(SolutionProperties) = preSolution
		HideSolutionNode = FALSE
	EndGlobalSection
	GlobalSection(ExtensibilityGlobals) = postSolution
		SolutionGuid = {E683C30F-4E7D-48B9-B71F-EFE4BBEA7B74}
	EndGlobalSection
EndGlobal
