
Microsoft Visual Studio Solution File, Format Version 12.00
# Visual Studio 15
VisualStudioVersion = 15.0.28307.102
MinimumVisualStudioVersion = 10.0.40219.1
Project("{8BC9CEB8-8B4A-11D0-8D11-00A0C91BC942}") = "3", "3.vcxproj", "{516DA9D3-1AA0-4EB1-A5FD-720C898DEDFF}"
EndProject
Global
	GlobalSection(SolutionConfigurationPlatforms) = preSolution
		Debug|x64 = Debug|x64
		Debug|x86 = Debug|x86
		Release|x64 = Release|x64
		Release|x86 = Release|x86
	EndGlobalSection
	GlobalSection(ProjectConfigurationPlatforms) = postSolution
		{516DA9D3-1AA0-4EB1-A5FD-720C898DEDFF}.Debug|x64.ActiveCfg = Debug|x64
		{516DA9D3-1AA0-4EB1-A5FD-720C898DEDFF}.Debug|x64.Build.0 = Debug|x64
		{516DA9D3-1AA0-4EB1-A5FD-720C898DEDFF}.Debug|x86.ActiveCfg = Debug|Win32
		{516DA9D3-1AA0-4EB1-A5FD-720C898DEDFF}.Debug|x86.Build.0 = Debug|Win32
		{516DA9D3-1AA0-4EB1-A5FD-720C898DEDFF}.Release|x64.ActiveCfg = Release|x64
		{516DA9D3-1AA0-4EB1-A5FD-720C898DEDFF}.Release|x64.Build.0 = Release|x64
		{516DA9D3-1AA0-4EB1-A5FD-720C898DEDFF}.Release|x86.ActiveCfg = Release|Win32
		{516DA9D3-1AA0-4EB1-A5FD-720C898DEDFF}.Release|x86.Build.0 = Release|Win32
	EndGlobalSection
	GlobalSection(SolutionProperties) = preSolution
		HideSolutionNode = FALSE
	EndGlobalSection
	GlobalSection(ExtensibilityGlobals) = postSolution
		SolutionGuid = {16CC16EE-39E6-49D6-8C8A-8BC6F383FC0E}
	EndGlobalSection
EndGlobal
