
Microsoft Visual Studio Solution File, Format Version 12.00
# Visual Studio 15
VisualStudioVersion = 15.0.28307.102
MinimumVisualStudioVersion = 10.0.40219.1
Project("{8BC9CEB8-8B4A-11D0-8D11-00A0C91BC942}") = "2", "2.vcxproj", "{943729C0-11B5-4FF1-B9CA-3E0DB1D3E91A}"
EndProject
Global
	GlobalSection(SolutionConfigurationPlatforms) = preSolution
		Debug|x64 = Debug|x64
		Debug|x86 = Debug|x86
		Release|x64 = Release|x64
		Release|x86 = Release|x86
	EndGlobalSection
	GlobalSection(ProjectConfigurationPlatforms) = postSolution
		{943729C0-11B5-4FF1-B9CA-3E0DB1D3E91A}.Debug|x64.ActiveCfg = Debug|x64
		{943729C0-11B5-4FF1-B9CA-3E0DB1D3E91A}.Debug|x64.Build.0 = Debug|x64
		{943729C0-11B5-4FF1-B9CA-3E0DB1D3E91A}.Debug|x86.ActiveCfg = Debug|Win32
		{943729C0-11B5-4FF1-B9CA-3E0DB1D3E91A}.Debug|x86.Build.0 = Debug|Win32
		{943729C0-11B5-4FF1-B9CA-3E0DB1D3E91A}.Release|x64.ActiveCfg = Release|x64
		{943729C0-11B5-4FF1-B9CA-3E0DB1D3E91A}.Release|x64.Build.0 = Release|x64
		{943729C0-11B5-4FF1-B9CA-3E0DB1D3E91A}.Release|x86.ActiveCfg = Release|Win32
		{943729C0-11B5-4FF1-B9CA-3E0DB1D3E91A}.Release|x86.Build.0 = Release|Win32
	EndGlobalSection
	GlobalSection(SolutionProperties) = preSolution
		HideSolutionNode = FALSE
	EndGlobalSection
	GlobalSection(ExtensibilityGlobals) = postSolution
		SolutionGuid = {E898FE1A-BCC7-4854-B146-0963C093D74A}
	EndGlobalSection
EndGlobal
