
Microsoft Visual Studio Solution File, Format Version 12.00
# Visual Studio 15
VisualStudioVersion = 15.0.28307.102
MinimumVisualStudioVersion = 10.0.40219.1
Project("{8BC9CEB8-8B4A-11D0-8D11-00A0C91BC942}") = "1", "1.vcxproj", "{7CE1D027-A5D8-41DA-B306-C2606B002653}"
EndProject
Global
	GlobalSection(SolutionConfigurationPlatforms) = preSolution
		Debug|x64 = Debug|x64
		Debug|x86 = Debug|x86
		Release|x64 = Release|x64
		Release|x86 = Release|x86
	EndGlobalSection
	GlobalSection(ProjectConfigurationPlatforms) = postSolution
		{7CE1D027-A5D8-41DA-B306-C2606B002653}.Debug|x64.ActiveCfg = Debug|x64
		{7CE1D027-A5D8-41DA-B306-C2606B002653}.Debug|x64.Build.0 = Debug|x64
		{7CE1D027-A5D8-41DA-B306-C2606B002653}.Debug|x86.ActiveCfg = Debug|Win32
		{7CE1D027-A5D8-41DA-B306-C2606B002653}.Debug|x86.Build.0 = Debug|Win32
		{7CE1D027-A5D8-41DA-B306-C2606B002653}.Release|x64.ActiveCfg = Release|x64
		{7CE1D027-A5D8-41DA-B306-C2606B002653}.Release|x64.Build.0 = Release|x64
		{7CE1D027-A5D8-41DA-B306-C2606B002653}.Release|x86.ActiveCfg = Release|Win32
		{7CE1D027-A5D8-41DA-B306-C2606B002653}.Release|x86.Build.0 = Release|Win32
	EndGlobalSection
	GlobalSection(SolutionProperties) = preSolution
		HideSolutionNode = FALSE
	EndGlobalSection
	GlobalSection(ExtensibilityGlobals) = postSolution
		SolutionGuid = {49613428-C4DC-4AFC-9EB8-AD0A568245AE}
	EndGlobalSection
EndGlobal
